
Microsoft Visual Studio Solution File, Format Version 12.00
# Visual Studio 2013
VisualStudioVersion = 12.0.21005.1
MinimumVisualStudioVersion = 10.0.40219.1
Project("{FAE04EC0-301F-11D3-BF4B-00C04F79EFBC}") = "Scrummer", "Scrummer\Scrummer.csproj", "{B7CA2E1F-666B-4735-BBC6-F61B727B304A}"
EndProject
Project("{FAE04EC0-301F-11D3-BF4B-00C04F79EFBC}") = "Scrummer.WebApi", "Scrummer.WebApi\Scrummer.WebApi.csproj", "{9F8BE2C4-840E-4685-8D0F-CC8708A00B6C}"
EndProject
Project("{FAE04EC0-301F-11D3-BF4B-00C04F79EFBC}") = "Common", "Common\Common.csproj", "{D7A00487-B521-4AE5-96DC-D73D9C65D9FE}"
EndProject
Project("{FAE04EC0-301F-11D3-BF4B-00C04F79EFBC}") = "Scrummer.Entity", "Scrummer.Entity\Scrummer.Entity.csproj", "{C7FDF1FE-8376-4F98-AC8E-21B2034F3183}"
EndProject
Global
	GlobalSection(SolutionConfigurationPlatforms) = preSolution
		Debug|Any CPU = Debug|Any CPU
		Release|Any CPU = Release|Any CPU
	EndGlobalSection
	GlobalSection(ProjectConfigurationPlatforms) = postSolution
		{B7CA2E1F-666B-4735-BBC6-F61B727B304A}.Debug|Any CPU.ActiveCfg = Debug|Any CPU
		{B7CA2E1F-666B-4735-BBC6-F61B727B304A}.Debug|Any CPU.Build.0 = Debug|Any CPU
		{B7CA2E1F-666B-4735-BBC6-F61B727B304A}.Release|Any CPU.ActiveCfg = Release|Any CPU
		{B7CA2E1F-666B-4735-BBC6-F61B727B304A}.Release|Any CPU.Build.0 = Release|Any CPU
		{9F8BE2C4-840E-4685-8D0F-CC8708A00B6C}.Debug|Any CPU.ActiveCfg = Debug|Any CPU
		{9F8BE2C4-840E-4685-8D0F-CC8708A00B6C}.Debug|Any CPU.Build.0 = Debug|Any CPU
		{9F8BE2C4-840E-4685-8D0F-CC8708A00B6C}.Release|Any CPU.ActiveCfg = Release|Any CPU
		{9F8BE2C4-840E-4685-8D0F-CC8708A00B6C}.Release|Any CPU.Build.0 = Release|Any CPU
		{D7A00487-B521-4AE5-96DC-D73D9C65D9FE}.Debug|Any CPU.ActiveCfg = Debug|Any CPU
		{D7A00487-B521-4AE5-96DC-D73D9C65D9FE}.Debug|Any CPU.Build.0 = Debug|Any CPU
		{D7A00487-B521-4AE5-96DC-D73D9C65D9FE}.Release|Any CPU.ActiveCfg = Release|Any CPU
		{D7A00487-B521-4AE5-96DC-D73D9C65D9FE}.Release|Any CPU.Build.0 = Release|Any CPU
		{C7FDF1FE-8376-4F98-AC8E-21B2034F3183}.Debug|Any CPU.ActiveCfg = Debug|Any CPU
		{C7FDF1FE-8376-4F98-AC8E-21B2034F3183}.Debug|Any CPU.Build.0 = Debug|Any CPU
		{C7FDF1FE-8376-4F98-AC8E-21B2034F3183}.Release|Any CPU.ActiveCfg = Release|Any CPU
		{C7FDF1FE-8376-4F98-AC8E-21B2034F3183}.Release|Any CPU.Build.0 = Release|Any CPU
	EndGlobalSection
	GlobalSection(SolutionProperties) = preSolution
		HideSolutionNode = FALSE
	EndGlobalSection
EndGlobal
